{
  "name": "num-complex-solidity",
  "version": "2.0.0",
  "lockfileVersion": 3,
  "requires": true,
  "packages": {
    "": {
      "name": "num-complex-solidity",
      "version": "2.0.0",
      "license": "MIT",
      "dependencies": {
        "@prb/math": "4.2.0"
      },
      "engines": {
        "node": ">=20"
      }
    },
    "node_modules/@prb/math": {
      "version": "4.2.0",
      "resolved": "https://registry.npmjs.org/@prb/math/-/math-4.2.0.tgz",
      "integrity": "sha512-6ghwaW/w8r6h8I2b6e14yLNz/T7JutAxa2nGv50KslyJX0dx3fFO1zJA8ZwlOObcKcL/VBtmZzgkST71w31r2w==",
      "license": "MIT"
    }
  }
}
